
Microsoft Visual Studio Solution File, Format Version 12.00
# Visual Studio Version 16
VisualStudioVersion = 16.0.32002.261
MinimumVisualStudioVersion = 10.0.40219.1
Project("{FAE04EC0-301F-11D3-BF4B-00C04F79EFBC}") = "ArashiDNS.Dekunua", "ArashiDNS.Dekunua\ArashiDNS.Dekunua.csproj", "{EEFA3118-23B4-449F-93EB-82771ABC863A}"
EndProject
Global
	GlobalSection(SolutionConfigurationPlatforms) = preSolution
		Debug|Any CPU = Debug|Any CPU
		Release|Any CPU = Release|Any CPU
	EndGlobalSection
	GlobalSection(ProjectConfigurationPlatforms) = postSolution
		{EEFA3118-23B4-449F-93EB-82771ABC863A}.Debug|Any CPU.ActiveCfg = Debug|Any CPU
		{EEFA3118-23B4-449F-93EB-82771ABC863A}.Debug|Any CPU.Build.0 = Debug|Any CPU
		{EEFA3118-23B4-449F-93EB-82771ABC863A}.Release|Any CPU.ActiveCfg = Release|Any CPU
		{EEFA3118-23B4-449F-93EB-82771ABC863A}.Release|Any CPU.Build.0 = Release|Any CPU
	EndGlobalSection
	GlobalSection(SolutionProperties) = preSolution
		HideSolutionNode = FALSE
	EndGlobalSection
	GlobalSection(ExtensibilityGlobals) = postSolution
		SolutionGuid = {C1F5E620-9D44-49D5-ADFB-7970F0D47F56}
	EndGlobalSection
EndGlobal
